
Microsoft Visual Studio Solution File, Format Version 12.00
# Visual Studio Version 17
VisualStudioVersion = 17.8.34316.72
MinimumVisualStudioVersion = 10.0.40219.1
Project("{FAE04EC0-301F-11D3-BF4B-00C04F79EFBC}") = "RouteRunner", "RouteRunner\RouteRunner.csproj", "{C6522BCB-E38A-4E29-B3A7-37A389910BA5}"
EndProject
Project("{FAE04EC0-301F-11D3-BF4B-00C04F79EFBC}") = "RouteRunnerLibrary", "RouteRunnerLibrary\RouteRunnerLibrary.csproj", "{00D4FF30-D2C6-41F9-837C-D6580961BD7D}"
EndProject
Global
	GlobalSection(SolutionConfigurationPlatforms) = preSolution
		Debug|Any CPU = Debug|Any CPU
		Release|Any CPU = Release|Any CPU
	EndGlobalSection
	GlobalSection(ProjectConfigurationPlatforms) = postSolution
		{C6522BCB-E38A-4E29-B3A7-37A389910BA5}.Debug|Any CPU.ActiveCfg = Debug|Any CPU
		{C6522BCB-E38A-4E29-B3A7-37A389910BA5}.Debug|Any CPU.Build.0 = Debug|Any CPU
		{C6522BCB-E38A-4E29-B3A7-37A389910BA5}.Release|Any CPU.ActiveCfg = Release|Any CPU
		{C6522BCB-E38A-4E29-B3A7-37A389910BA5}.Release|Any CPU.Build.0 = Release|Any CPU
		{00D4FF30-D2C6-41F9-837C-D6580961BD7D}.Debug|Any CPU.ActiveCfg = Debug|Any CPU
		{00D4FF30-D2C6-41F9-837C-D6580961BD7D}.Debug|Any CPU.Build.0 = Debug|Any CPU
		{00D4FF30-D2C6-41F9-837C-D6580961BD7D}.Release|Any CPU.ActiveCfg = Release|Any CPU
		{00D4FF30-D2C6-41F9-837C-D6580961BD7D}.Release|Any CPU.Build.0 = Release|Any CPU
	EndGlobalSection
	GlobalSection(SolutionProperties) = preSolution
		HideSolutionNode = FALSE
	EndGlobalSection
	GlobalSection(ExtensibilityGlobals) = postSolution
		SolutionGuid = {1B410BC7-DA18-4CEB-B394-C8C7F2D171B6}
	EndGlobalSection
EndGlobal
